
Microsoft Visual Studio Solution File, Format Version 12.00
Project("{FAE04EC0-301F-11D3-BF4B-00C04F79EFBC}") = "BulkSteelExtractionRevived", "BulkSteelExtractionRevived.csproj", "{BC87D7D2-C197-4037-B073-EEC207C32B08}"
EndProject
Global
	GlobalSection(SolutionConfigurationPlatforms) = preSolution
		Debug|Any CPU = Debug|Any CPU
		Release|Any CPU = Release|Any CPU
	EndGlobalSection
	GlobalSection(ProjectConfigurationPlatforms) = postSolution
		{BC87D7D2-C197-4037-B073-EEC207C32B08}.Debug|Any CPU.ActiveCfg = Debug|Any CPU
		{BC87D7D2-C197-4037-B073-EEC207C32B08}.Debug|Any CPU.Build.0 = Debug|Any CPU
		{BC87D7D2-C197-4037-B073-EEC207C32B08}.Release|Any CPU.ActiveCfg = Release|Any CPU
		{BC87D7D2-C197-4037-B073-EEC207C32B08}.Release|Any CPU.Build.0 = Release|Any CPU
	EndGlobalSection
EndGlobal
